%{
  "assert_html": {:hex, :assert_html, "0.1.3", "7a61f2664b8d6b3eddf0819cf4d949948f553e8b42530738b7dad794f88b845c", [:mix], [{:floki, "~> 0.21", [hex: :floki, repo: "hexpm", optional: false]}], "hexpm", "df06499ed2295d01d785b4d6255794a83b402bc953e193316873cf64e0433881"},
  "floki": {:hex, :floki, "0.34.0", "002d0cc194b48794d74711731db004fafeb328fe676976f160685262d43706a8", [:mix], [], "hexpm", "9c3a9f43f40dde00332a589bd9d389b90c1f518aef500364d00636acc5ebc99c"},
}
